
Microsoft Visual Studio Solution File, Format Version 12.00
# Visual Studio Version 17
VisualStudioVersion = 17.7.34024.191
MinimumVisualStudioVersion = 10.0.40219.1
Project("{FAE04EC0-301F-11D3-BF4B-00C04F79EFBC}") = "ООП1-lv1 num 1", "ООП1-lv1 num 1\ООП1-lv1 num 1.csproj", "{91D2FDF1-6EFC-4BE1-8CBE-ABFA5CFA10E7}"
EndProject
Global
	GlobalSection(SolutionConfigurationPlatforms) = preSolution
		Debug|Any CPU = Debug|Any CPU
		Release|Any CPU = Release|Any CPU
	EndGlobalSection
	GlobalSection(ProjectConfigurationPlatforms) = postSolution
		{91D2FDF1-6EFC-4BE1-8CBE-ABFA5CFA10E7}.Debug|Any CPU.ActiveCfg = Debug|Any CPU
		{91D2FDF1-6EFC-4BE1-8CBE-ABFA5CFA10E7}.Debug|Any CPU.Build.0 = Debug|Any CPU
		{91D2FDF1-6EFC-4BE1-8CBE-ABFA5CFA10E7}.Release|Any CPU.ActiveCfg = Release|Any CPU
		{91D2FDF1-6EFC-4BE1-8CBE-ABFA5CFA10E7}.Release|Any CPU.Build.0 = Release|Any CPU
	EndGlobalSection
	GlobalSection(SolutionProperties) = preSolution
		HideSolutionNode = FALSE
	EndGlobalSection
	GlobalSection(ExtensibilityGlobals) = postSolution
		SolutionGuid = {57BC1E6B-AC31-4CDB-AF57-12814BA24594}
	EndGlobalSection
EndGlobal
